// !$*UTF8*$!
{
	archiveVersion = 1;
	classes = {
	};
	objectVersion = 47;
	objects = {

/* Begin PBXBuildFile section */
		06041B9F1B85F49F00901BA1 /* contentViewController.m in Sources */ = {isa = PBXBuildFile; fileRef = 06041B9E1B85F49F00901BA1 /* contentViewController.m */; };
		06054AF91B7B18D70040A611 /* tng_background.png in Resources */ = {isa = PBXBuildFile; fileRef = 06054AF81B7B18D70040A611 /* tng_background.png */; };
		062589741B91930F009732B2 /* AVFoundation.framework in Frameworks */ = {isa = PBXBuildFile; fileRef = 062589731B91930F009732B2 /* AVFoundation.framework */; };
		0625897B1B9196BB009732B2 /* correct.mp3 in Resources */ = {isa = PBXBuildFile; fileRef = 062589791B9196BB009732B2 /* correct.mp3 */; };
		0625897C1B9196BB009732B2 /* incorrect.mp3 in Resources */ = {isa = PBXBuildFile; fileRef = 0625897A1B9196BB009732B2 /* incorrect.mp3 */; };
		06290AB31B915A1F00AF6631 /* tng_paper.png in Resources */ = {isa = PBXBuildFile; fileRef = 06290AB21B915A1F00AF6631 /* tng_paper.png */; };
		06290AB71B915C8C00AF6631 /* AudioToolbox.framework in Frameworks */ = {isa = PBXBuildFile; fileRef = 06290AB61B915C8C00AF6631 /* AudioToolbox.framework */; };
		06290ABF1B915F3800AF6631 /* pen.mp3 in Resources */ = {isa = PBXBuildFile; fileRef = 06290ABE1B915F3800AF6631 /* pen.mp3 */; };
		062A944B1B85E3D2006EFD93 /* DictionaryViewController.m in Sources */ = {isa = PBXBuildFile; fileRef = 062A944A1B85E3D2006EFD93 /* DictionaryViewController.m */; };
		0632AB711B84BF4000F9A7C7 /* resultViewController.m in Sources */ = {isa = PBXBuildFile; fileRef = 0632AB701B84BF4000F9A7C7 /* resultViewController.m */; };
		0642C7CC1B5B990A004E7D9A /* memorizationViewController.m in Sources */ = {isa = PBXBuildFile; fileRef = 0642C7CB1B5B990A004E7D9A /* memorizationViewController.m */; };
		0642C7CF1B5B9947004E7D9A /* quizViewController.m in Sources */ = {isa = PBXBuildFile; fileRef = 0642C7CE1B5B9947004E7D9A /* quizViewController.m */; };
		06528F451B54D6C7005E8A26 /* settingCardViewController.m in Sources */ = {isa = PBXBuildFile; fileRef = 06528F441B54D6C7005E8A26 /* settingCardViewController.m */; };
		066CADB21BC8FFF600CBB422 /* editViewController.m in Sources */ = {isa = PBXBuildFile; fileRef = 066CADB11BC8FFF600CBB422 /* editViewController.m */; };
		067F05E41B105434009C50C0 /* main.m in Sources */ = {isa = PBXBuildFile; fileRef = 067F05E31B105434009C50C0 /* main.m */; };
		067F05E71B105434009C50C0 /* AppDelegate.m in Sources */ = {isa = PBXBuildFile; fileRef = 067F05E61B105434009C50C0 /* AppDelegate.m */; };
		067F05EA1B105434009C50C0 /* ViewController.m in Sources */ = {isa = PBXBuildFile; fileRef = 067F05E91B105434009C50C0 /* ViewController.m */; };
		067F05ED1B105434009C50C0 /* Main.storyboard in Resources */ = {isa = PBXBuildFile; fileRef = 067F05EB1B105434009C50C0 /* Main.storyboard */; };
		067F05EF1B105434009C50C0 /* Images.xcassets in Resources */ = {isa = PBXBuildFile; fileRef = 067F05EE1B105434009C50C0 /* Images.xcassets */; };
		067F05F21B105434009C50C0 /* LaunchScreen.xib in Resources */ = {isa = PBXBuildFile; fileRef = 067F05F01B105434009C50C0 /* LaunchScreen.xib */; };
		067F05FE1B105434009C50C0 /* wordTests.m in Sources */ = {isa = PBXBuildFile; fileRef = 067F05FD1B105434009C50C0 /* wordTests.m */; };
		067F06091B105729009C50C0 /* WatchingViewController.m in Sources */ = {isa = PBXBuildFile; fileRef = 067F06081B105729009C50C0 /* WatchingViewController.m */; };
		067F060C1B105760009C50C0 /* WritingViewController.m in Sources */ = {isa = PBXBuildFile; fileRef = 067F060B1B105760009C50C0 /* WritingViewController.m */; };
		069A1BC61B8EED35000590A8 /* icon-60@3x.png in Resources */ = {isa = PBXBuildFile; fileRef = 069A1BC51B8EED35000590A8 /* icon-60@3x.png */; };
		069A1BC91B8EEE7E000590A8 /* icon-60@2x.png in Resources */ = {isa = PBXBuildFile; fileRef = 069A1BC71B8EEE7E000590A8 /* icon-60@2x.png */; };
		069A1BCC1B8EEFB4000590A8 /* LaunchScreen.png in Resources */ = {isa = PBXBuildFile; fileRef = 069A1BCB1B8EEFB4000590A8 /* LaunchScreen.png */; };
		06BD4DE41B53BD64006BA0AC /* selectViewController.m in Sources */ = {isa = PBXBuildFile; fileRef = 06BD4DE31B53BD64006BA0AC /* selectViewController.m */; };
		06BD4DEA1B53BF88006BA0AC /* createViewController.m in Sources */ = {isa = PBXBuildFile; fileRef = 06BD4DE91B53BF88006BA0AC /* createViewController.m */; };
		06C5C4871BA43AEE00921FD1 /* intro1.png in Resources */ = {isa = PBXBuildFile; fileRef = 06C5C4821BA43AEE00921FD1 /* intro1.png */; };
		06C5C4881BA43AEE00921FD1 /* intro2.png in Resources */ = {isa = PBXBuildFile; fileRef = 06C5C4831BA43AEE00921FD1 /* intro2.png */; };
		06C5C4891BA43AEE00921FD1 /* intro3.png in Resources */ = {isa = PBXBuildFile; fileRef = 06C5C4841BA43AEE00921FD1 /* intro3.png */; };
		06C5C48A1BA43AEE00921FD1 /* intro4.png in Resources */ = {isa = PBXBuildFile; fileRef = 06C5C4851BA43AEE00921FD1 /* intro4.png */; };
		06C5C48B1BA43AEE00921FD1 /* intro5.png in Resources */ = {isa = PBXBuildFile; fileRef = 06C5C4861BA43AEE00921FD1 /* intro5.png */; };
		06CEFF5F1B230F98006590B4 /* paper.mp3 in Resources */ = {isa = PBXBuildFile; fileRef = 06CEFF5E1B230F98006590B4 /* paper.mp3 */; };
		06D65D2E1C352A2E00806690 /* mplus-2p-black.ttf in Resources */ = {isa = PBXBuildFile; fileRef = 06D65D2C1C352A2E00806690 /* mplus-2p-black.ttf */; };
		06D65D2F1C352A2E00806690 /* mplus-2p-light.ttf in Resources */ = {isa = PBXBuildFile; fileRef = 06D65D2D1C352A2E00806690 /* mplus-2p-light.ttf */; };
		06D65D311C352A9900806690 /* mplus-2p-regular.ttf in Resources */ = {isa = PBXBuildFile; fileRef = 06D65D301C352A9900806690 /* mplus-2p-regular.ttf */; };
		06D65D331C352BBC00806690 /* button.png in Resources */ = {isa = PBXBuildFile; fileRef = 06D65D321C352BBC00806690 /* button.png */; };
		06D65D351C352C5F00806690 /* logo.png in Resources */ = {isa = PBXBuildFile; fileRef = 06D65D341C352C5F00806690 /* logo.png */; };
		06D65D391C352FFF00806690 /* tng_logo.png in Resources */ = {isa = PBXBuildFile; fileRef = 06D65D361C352FFF00806690 /* tng_logo.png */; };
		06D65D3A1C352FFF00806690 /* tng_logo2.png in Resources */ = {isa = PBXBuildFile; fileRef = 06D65D371C352FFF00806690 /* tng_logo2.png */; };
		06D65D3B1C352FFF00806690 /* tng_logo3.png in Resources */ = {isa = PBXBuildFile; fileRef = 06D65D381C352FFF00806690 /* tng_logo3.png */; };
		3ACF21CA138E641823BAC39C /* libPods-word.a in Frameworks */ = {isa = PBXBuildFile; fileRef = 54CCD85293545E2CFAA6E57B /* libPods-word.a */; };
/* End PBXBuildFile section */

/* Begin PBXContainerItemProxy section */
		067F05F81B105434009C50C0 /* PBXContainerItemProxy */ = {
			isa = PBXContainerItemProxy;
			containerPortal = 067F05D61B105434009C50C0 /* Project object */;
			proxyType = 1;
			remoteGlobalIDString = 067F05DD1B105434009C50C0;
			remoteInfo = word;
		};
/* End PBXContainerItemProxy section */

/* Begin PBXFileReference section */
		06041B9D1B85F49F00901BA1 /* contentViewController.h */ = {isa = PBXFileReference; fileEncoding = 4; lastKnownFileType = sourcecode.c.h; path = contentViewController.h; sourceTree = "<group>"; };
		06041B9E1B85F49F00901BA1 /* contentViewController.m */ = {isa = PBXFileReference; fileEncoding = 4; lastKnownFileType = sourcecode.c.objc; path = contentViewController.m; sourceTree = "<group>"; };
		06054AF81B7B18D70040A611 /* tng_background.png */ = {isa = PBXFileReference; lastKnownFileType = image.png; path = tng_background.png; sourceTree = "<group>"; };
		062589731B91930F009732B2 /* AVFoundation.framework */ = {isa = PBXFileReference; lastKnownFileType = wrapper.framework; name = AVFoundation.framework; path = System/Library/Frameworks/AVFoundation.framework; sourceTree = SDKROOT; };
		062589791B9196BB009732B2 /* correct.mp3 */ = {isa = PBXFileReference; lastKnownFileType = audio.mp3; path = correct.mp3; sourceTree = "<group>"; };
		0625897A1B9196BB009732B2 /* incorrect.mp3 */ = {isa = PBXFileReference; lastKnownFileType = audio.mp3; path = incorrect.mp3; sourceTree = "<group>"; };
		06290AB21B915A1F00AF6631 /* tng_paper.png */ = {isa = PBXFileReference; lastKnownFileType = image.png; path = tng_paper.png; sourceTree = "<group>"; };
		06290AB61B915C8C00AF6631 /* AudioToolbox.framework */ = {isa = PBXFileReference; lastKnownFileType = wrapper.framework; name = AudioToolbox.framework; path = System/Library/Frameworks/AudioToolbox.framework; sourceTree = SDKROOT; };
		06290ABE1B915F3800AF6631 /* pen.mp3 */ = {isa = PBXFileReference; lastKnownFileType = audio.mp3; path = pen.mp3; sourceTree = "<group>"; };
		062A94491B85E3D2006EFD93 /* DictionaryViewController.h */ = {isa = PBXFileReference; fileEncoding = 4; lastKnownFileType = sourcecode.c.h; path = DictionaryViewController.h; sourceTree = "<group>"; };
		062A944A1B85E3D2006EFD93 /* DictionaryViewController.m */ = {isa = PBXFileReference; fileEncoding = 4; lastKnownFileType = sourcecode.c.objc; path = DictionaryViewController.m; sourceTree = "<group>"; };
		0632AB6F1B84BF4000F9A7C7 /* resultViewController.h */ = {isa = PBXFileReference; fileEncoding = 4; lastKnownFileType = sourcecode.c.h; path = resultViewController.h; sourceTree = "<group>"; };
		0632AB701B84BF4000F9A7C7 /* resultViewController.m */ = {isa = PBXFileReference; fileEncoding = 4; lastKnownFileType = sourcecode.c.objc; path = resultViewController.m; sourceTree = "<group>"; };
		0642C7CA1B5B990A004E7D9A /* memorizationViewController.h */ = {isa = PBXFileReference; fileEncoding = 4; lastKnownFileType = sourcecode.c.h; path = memorizationViewController.h; sourceTree = "<group>"; };
		0642C7CB1B5B990A004E7D9A /* memorizationViewController.m */ = {isa = PBXFileReference; fileEncoding = 4; lastKnownFileType = sourcecode.c.objc; path = memorizationViewController.m; sourceTree = "<group>"; };
		0642C7CD1B5B9947004E7D9A /* quizViewController.h */ = {isa = PBXFileReference; fileEncoding = 4; lastKnownFileType = sourcecode.c.h; path = quizViewController.h; sourceTree = "<group>"; };
		0642C7CE1B5B9947004E7D9A /* quizViewController.m */ = {isa = PBXFileReference; fileEncoding = 4; lastKnownFileType = sourcecode.c.objc; path = quizViewController.m; sourceTree = "<group>"; };
		06528F431B54D6C7005E8A26 /* settingCardViewController.h */ = {isa = PBXFileReference; fileEncoding = 4; lastKnownFileType = sourcecode.c.h; path = settingCardViewController.h; sourceTree = "<group>"; };
		06528F441B54D6C7005E8A26 /* settingCardViewController.m */ = {isa = PBXFileReference; fileEncoding = 4; lastKnownFileType = sourcecode.c.objc; path = settingCardViewController.m; sourceTree = "<group>"; };
		066CADB01BC8FFF600CBB422 /* editViewController.h */ = {isa = PBXFileReference; fileEncoding = 4; lastKnownFileType = sourcecode.c.h; path = editViewController.h; sourceTree = "<group>"; };
		066CADB11BC8FFF600CBB422 /* editViewController.m */ = {isa = PBXFileReference; fileEncoding = 4; lastKnownFileType = sourcecode.c.objc; path = editViewController.m; sourceTree = "<group>"; };
		067F05DE1B105434009C50C0 /* memorizeBook.app */ = {isa = PBXFileReference; explicitFileType = wrapper.application; includeInIndex = 0; path = memorizeBook.app; sourceTree = BUILT_PRODUCTS_DIR; };
		067F05E21B105434009C50C0 /* Info.plist */ = {isa = PBXFileReference; lastKnownFileType = text.plist.xml; path = Info.plist; sourceTree = "<group>"; };
		067F05E31B105434009C50C0 /* main.m */ = {isa = PBXFileReference; lastKnownFileType = sourcecode.c.objc; path = main.m; sourceTree = "<group>"; };
		067F05E51B105434009C50C0 /* AppDelegate.h */ = {isa = PBXFileReference; lastKnownFileType = sourcecode.c.h; path = AppDelegate.h; sourceTree = "<group>"; };
		067F05E61B105434009C50C0 /* AppDelegate.m */ = {isa = PBXFileReference; lastKnownFileType = sourcecode.c.objc; path = AppDelegate.m; sourceTree = "<group>"; };
		067F05E81B105434009C50C0 /* ViewController.h */ = {isa = PBXFileReference; lastKnownFileType = sourcecode.c.h; path = ViewController.h; sourceTree = "<group>"; };
		067F05E91B105434009C50C0 /* ViewController.m */ = {isa = PBXFileReference; lastKnownFileType = sourcecode.c.objc; path = ViewController.m; sourceTree = "<group>"; };
		067F05EC1B105434009C50C0 /* Base */ = {isa = PBXFileReference; lastKnownFileType = file.storyboard; name = Base; path = Base.lproj/Main.storyboard; sourceTree = "<group>"; };
		067F05EE1B105434009C50C0 /* Images.xcassets */ = {isa = PBXFileReference; lastKnownFileType = folder.assetcatalog; path = Images.xcassets; sourceTree = "<group>"; };
		067F05F11B105434009C50C0 /* Base */ = {isa = PBXFileReference; lastKnownFileType = file.xib; name = Base; path = Base.lproj/LaunchScreen.xib; sourceTree = "<group>"; };
		067F05F71B105434009C50C0 /* memorizeBook.xctest */ = {isa = PBXFileReference; explicitFileType = wrapper.cfbundle; includeInIndex = 0; path = memorizeBook.xctest; sourceTree = BUILT_PRODUCTS_DIR; };
		067F05FC1B105434009C50C0 /* Info.plist */ = {isa = PBXFileReference; lastKnownFileType = text.plist.xml; path = Info.plist; sourceTree = "<group>"; };
		067F05FD1B105434009C50C0 /* wordTests.m */ = {isa = PBXFileReference; lastKnownFileType = sourcecode.c.objc; path = wordTests.m; sourceTree = "<group>"; };
		067F06071B105729009C50C0 /* WatchingViewController.h */ = {isa = PBXFileReference; fileEncoding = 4; lastKnownFileType = sourcecode.c.h; path = WatchingViewController.h; sourceTree = "<group>"; };
		067F06081B105729009C50C0 /* WatchingViewController.m */ = {isa = PBXFileReference; fileEncoding = 4; lastKnownFileType = sourcecode.c.objc; path = WatchingViewController.m; sourceTree = "<group>"; };
		067F060A1B105760009C50C0 /* WritingViewController.h */ = {isa = PBXFileReference; fileEncoding = 4; lastKnownFileType = sourcecode.c.h; path = WritingViewController.h; sourceTree = "<group>"; };
		067F060B1B105760009C50C0 /* WritingViewController.m */ = {isa = PBXFileReference; fileEncoding = 4; lastKnownFileType = sourcecode.c.objc; path = WritingViewController.m; sourceTree = "<group>"; };
		069A1BC51B8EED35000590A8 /* icon-60@3x.png */ = {isa = PBXFileReference; lastKnownFileType = image.png; path = "icon-60@3x.png"; sourceTree = "<group>"; };
		069A1BC71B8EEE7E000590A8 /* icon-60@2x.png */ = {isa = PBXFileReference; lastKnownFileType = image.png; path = "icon-60@2x.png"; sourceTree = "<group>"; };
		069A1BCB1B8EEFB4000590A8 /* LaunchScreen.png */ = {isa = PBXFileReference; lastKnownFileType = image.png; path = LaunchScreen.png; sourceTree = "<group>"; };
		06BD4DE21B53BD64006BA0AC /* selectViewController.h */ = {isa = PBXFileReference; fileEncoding = 4; lastKnownFileType = sourcecode.c.h; path = selectViewController.h; sourceTree = "<group>"; };
		06BD4DE31B53BD64006BA0AC /* selectViewController.m */ = {isa = PBXFileReference; fileEncoding = 4; lastKnownFileType = sourcecode.c.objc; path = selectViewController.m; sourceTree = "<group>"; };
		06BD4DE81B53BF88006BA0AC /* createViewController.h */ = {isa = PBXFileReference; fileEncoding = 4; lastKnownFileType = sourcecode.c.h; path = createViewController.h; sourceTree = "<group>"; };
		06BD4DE91B53BF88006BA0AC /* createViewController.m */ = {isa = PBXFileReference; fileEncoding = 4; lastKnownFileType = sourcecode.c.objc; path = createViewController.m; sourceTree = "<group>"; };
		06C5C4821BA43AEE00921FD1 /* intro1.png */ = {isa = PBXFileReference; lastKnownFileType = image.png; path = intro1.png; sourceTree = "<group>"; };
		06C5C4831BA43AEE00921FD1 /* intro2.png */ = {isa = PBXFileReference; lastKnownFileType = image.png; path = intro2.png; sourceTree = "<group>"; };
		06C5C4841BA43AEE00921FD1 /* intro3.png */ = {isa = PBXFileReference; lastKnownFileType = image.png; path = intro3.png; sourceTree = "<group>"; };
		06C5C4851BA43AEE00921FD1 /* intro4.png */ = {isa = PBXFileReference; lastKnownFileType = image.png; path = intro4.png; sourceTree = "<group>"; };
		06C5C4861BA43AEE00921FD1 /* intro5.png */ = {isa = PBXFileReference; lastKnownFileType = image.png; path = intro5.png; sourceTree = "<group>"; };
		06CEFF5E1B230F98006590B4 /* paper.mp3 */ = {isa = PBXFileReference; lastKnownFileType = audio.mp3; path = paper.mp3; sourceTree = "<group>"; };
		06D65D2C1C352A2E00806690 /* mplus-2p-black.ttf */ = {isa = PBXFileReference; lastKnownFileType = file; path = "mplus-2p-black.ttf"; sourceTree = "<group>"; };
		06D65D2D1C352A2E00806690 /* mplus-2p-light.ttf */ = {isa = PBXFileReference; lastKnownFileType = file; path = "mplus-2p-light.ttf"; sourceTree = "<group>"; };
		06D65D301C352A9900806690 /* mplus-2p-regular.ttf */ = {isa = PBXFileReference; lastKnownFileType = file; path = "mplus-2p-regular.ttf"; sourceTree = "<group>"; };
		06D65D321C352BBC00806690 /* button.png */ = {isa = PBXFileReference; lastKnownFileType = image.png; path = button.png; sourceTree = "<group>"; };
		06D65D341C352C5F00806690 /* logo.png */ = {isa = PBXFileReference; lastKnownFileType = image.png; path = logo.png; sourceTree = "<group>"; };
		06D65D361C352FFF00806690 /* tng_logo.png */ = {isa = PBXFileReference; lastKnownFileType = image.png; path = tng_logo.png; sourceTree = "<group>"; };
		06D65D371C352FFF00806690 /* tng_logo2.png */ = {isa = PBXFileReference; lastKnownFileType = image.png; path = tng_logo2.png; sourceTree = "<group>"; };
		06D65D381C352FFF00806690 /* tng_logo3.png */ = {isa = PBXFileReference; lastKnownFileType = image.png; path = tng_logo3.png; sourceTree = "<group>"; };
		54CCD85293545E2CFAA6E57B /* libPods-word.a */ = {isa = PBXFileReference; explicitFileType = archive.ar; includeInIndex = 0; path = "libPods-word.a"; sourceTree = BUILT_PRODUCTS_DIR; };
		7F8F66F1E80A3F81EC368864 /* Pods-word.debug.xcconfig */ = {isa = PBXFileReference; includeInIndex = 1; lastKnownFileType = text.xcconfig; name = "Pods-word.debug.xcconfig"; path = "Pods/Target Support Files/Pods-word/Pods-word.debug.xcconfig"; sourceTree = "<group>"; };
		DDEB3D65EF2D4FED48D4C946 /* Pods-word.release.xcconfig */ = {isa = PBXFileReference; includeInIndex = 1; lastKnownFileType = text.xcconfig; name = "Pods-word.release.xcconfig"; path = "Pods/Target Support Files/Pods-word/Pods-word.release.xcconfig"; sourceTree = "<group>"; };
/* End PBXFileReference section */

/* Begin PBXFrameworksBuildPhase section */
		067F05DB1B105434009C50C0 /* Frameworks */ = {
			isa = PBXFrameworksBuildPhase;
			buildActionMask = 2147483647;
			files = (
				062589741B91930F009732B2 /* AVFoundation.framework in Frameworks */,
				06290AB71B915C8C00AF6631 /* AudioToolbox.framework in Frameworks */,
				3ACF21CA138E641823BAC39C /* libPods-word.a in Frameworks */,
			);
			runOnlyForDeploymentPostprocessing = 0;
		};
		067F05F41B105434009C50C0 /* Frameworks */ = {
			isa = PBXFrameworksBuildPhase;
			buildActionMask = 2147483647;
			files = (
			);
			runOnlyForDeploymentPostprocessing = 0;
		};
/* End PBXFrameworksBuildPhase section */

/* Begin PBXGroup section */
		06041B9B1B85F41B00901BA1 /* image */ = {
			isa = PBXGroup;
			children = (
				06D65D361C352FFF00806690 /* tng_logo.png */,
				06D65D371C352FFF00806690 /* tng_logo2.png */,
				06D65D381C352FFF00806690 /* tng_logo3.png */,
				06D65D341C352C5F00806690 /* logo.png */,
				06D65D321C352BBC00806690 /* button.png */,
				069A1BC51B8EED35000590A8 /* icon-60@3x.png */,
				069A1BC71B8EEE7E000590A8 /* icon-60@2x.png */,
				069A1BCB1B8EEFB4000590A8 /* LaunchScreen.png */,
				06054AF81B7B18D70040A611 /* tng_background.png */,
				06290AB21B915A1F00AF6631 /* tng_paper.png */,
				06C5C4821BA43AEE00921FD1 /* intro1.png */,
				06C5C4831BA43AEE00921FD1 /* intro2.png */,
				06C5C4841BA43AEE00921FD1 /* intro3.png */,
				06C5C4851BA43AEE00921FD1 /* intro4.png */,
				06C5C4861BA43AEE00921FD1 /* intro5.png */,
			);
			name = image;
			sourceTree = "<group>";
		};
		06041B9C1B85F43100901BA1 /* music */ = {
			isa = PBXGroup;
			children = (
				06CEFF5E1B230F98006590B4 /* paper.mp3 */,
				06290ABE1B915F3800AF6631 /* pen.mp3 */,
				062589791B9196BB009732B2 /* correct.mp3 */,
				0625897A1B9196BB009732B2 /* incorrect.mp3 */,
			);
			name = music;
			sourceTree = "<group>";
		};
		067F05D51B105434009C50C0 = {
			isa = PBXGroup;
			children = (
				062589731B91930F009732B2 /* AVFoundation.framework */,
				06290AB61B915C8C00AF6631 /* AudioToolbox.framework */,
				067F05E01B105434009C50C0 /* word */,
				067F05FA1B105434009C50C0 /* wordTests */,
				067F05DF1B105434009C50C0 /* Products */,
				A108F541EE0C42627F38ED56 /* Pods */,
				0DDCDFC5698CF9C9970DA225 /* Frameworks */,
			);
			sourceTree = "<group>";
		};
		067F05DF1B105434009C50C0 /* Products */ = {
			isa = PBXGroup;
			children = (
				067F05DE1B105434009C50C0 /* memorizeBook.app */,
				067F05F71B105434009C50C0 /* memorizeBook.xctest */,
			);
			name = Products;
			sourceTree = "<group>";
		};
		067F05E01B105434009C50C0 /* word */ = {
			isa = PBXGroup;
			children = (
				06D65D2C1C352A2E00806690 /* mplus-2p-black.ttf */,
				06D65D2D1C352A2E00806690 /* mplus-2p-light.ttf */,
				06D65D301C352A9900806690 /* mplus-2p-regular.ttf */,
				06041B9C1B85F43100901BA1 /* music */,
				06041B9B1B85F41B00901BA1 /* image */,
				067F05E51B105434009C50C0 /* AppDelegate.h */,
				067F05E61B105434009C50C0 /* AppDelegate.m */,
				067F05E81B105434009C50C0 /* ViewController.h */,
				067F05E91B105434009C50C0 /* ViewController.m */,
				06BD4DE21B53BD64006BA0AC /* selectViewController.h */,
				06BD4DE31B53BD64006BA0AC /* selectViewController.m */,
				06BD4DE81B53BF88006BA0AC /* createViewController.h */,
				06BD4DE91B53BF88006BA0AC /* createViewController.m */,
				06528F431B54D6C7005E8A26 /* settingCardViewController.h */,
				06528F441B54D6C7005E8A26 /* settingCardViewController.m */,
				067F06071B105729009C50C0 /* WatchingViewController.h */,
				067F06081B105729009C50C0 /* WatchingViewController.m */,
				0642C7CA1B5B990A004E7D9A /* memorizationViewController.h */,
				0642C7CB1B5B990A004E7D9A /* memorizationViewController.m */,
				0642C7CD1B5B9947004E7D9A /* quizViewController.h */,
				0642C7CE1B5B9947004E7D9A /* quizViewController.m */,
				066CADB01BC8FFF600CBB422 /* editViewController.h */,
				066CADB11BC8FFF600CBB422 /* editViewController.m */,
				0632AB6F1B84BF4000F9A7C7 /* resultViewController.h */,
				0632AB701B84BF4000F9A7C7 /* resultViewController.m */,
				067F060A1B105760009C50C0 /* WritingViewController.h */,
				067F060B1B105760009C50C0 /* WritingViewController.m */,
				062A94491B85E3D2006EFD93 /* DictionaryViewController.h */,
				062A944A1B85E3D2006EFD93 /* DictionaryViewController.m */,
				06041B9D1B85F49F00901BA1 /* contentViewController.h */,
				06041B9E1B85F49F00901BA1 /* contentViewController.m */,
				067F05EB1B105434009C50C0 /* Main.storyboard */,
				067F05EE1B105434009C50C0 /* Images.xcassets */,
				067F05F01B105434009C50C0 /* LaunchScreen.xib */,
				067F05E11B105434009C50C0 /* Supporting Files */,
			);
			path = word;
			sourceTree = "<group>";
		};
		067F05E11B105434009C50C0 /* Supporting Files */ = {
			isa = PBXGroup;
			children = (
				067F05E21B105434009C50C0 /* Info.plist */,
				067F05E31B105434009C50C0 /* main.m */,
			);
			name = "Supporting Files";
			sourceTree = "<group>";
		};
		067F05FA1B105434009C50C0 /* wordTests */ = {
			isa = PBXGroup;
			children = (
				067F05FD1B105434009C50C0 /* wordTests.m */,
				067F05FB1B105434009C50C0 /* Supporting Files */,
			);
			path = wordTests;
			sourceTree = "<group>";
		};
		067F05FB1B105434009C50C0 /* Supporting Files */ = {
			isa = PBXGroup;
			children = (
				067F05FC1B105434009C50C0 /* Info.plist */,
			);
			name = "Supporting Files";
			sourceTree = "<group>";
		};
		0DDCDFC5698CF9C9970DA225 /* Frameworks */ = {
			isa = PBXGroup;
			children = (
				54CCD85293545E2CFAA6E57B /* libPods-word.a */,
			);
			name = Frameworks;
			sourceTree = "<group>";
		};
		A108F541EE0C42627F38ED56 /* Pods */ = {
			isa = PBXGroup;
			children = (
				7F8F66F1E80A3F81EC368864 /* Pods-word.debug.xcconfig */,
				DDEB3D65EF2D4FED48D4C946 /* Pods-word.release.xcconfig */,
			);
			name = Pods;
			sourceTree = "<group>";
		};
/* End PBXGroup section */

/* Begin PBXNativeTarget section */
		067F05DD1B105434009C50C0 /* memorizeBook */ = {
			isa = PBXNativeTarget;
			buildConfigurationList = 067F06011B105434009C50C0 /* Build configuration list for PBXNativeTarget "memorizeBook" */;
			buildPhases = (
				0542CFB4E77EA648BF02008C /* Check Pods Manifest.lock */,
				067F05DA1B105434009C50C0 /* Sources */,
				067F05DB1B105434009C50C0 /* Frameworks */,
				067F05DC1B105434009C50C0 /* Resources */,
				635EB1D56FFAF08676F8DFBB /* Copy Pods Resources */,
			);
			buildRules = (
			);
			dependencies = (
			);
			name = memorizeBook;
			productName = word;
			productReference = 067F05DE1B105434009C50C0 /* memorizeBook.app */;
			productType = "com.apple.product-type.application";
		};
		067F05F61B105434009C50C0 /* memorizeBookTests */ = {
			isa = PBXNativeTarget;
			buildConfigurationList = 067F06041B105434009C50C0 /* Build configuration list for PBXNativeTarget "memorizeBookTests" */;
			buildPhases = (
				067F05F31B105434009C50C0 /* Sources */,
				067F05F41B105434009C50C0 /* Frameworks */,
				067F05F51B105434009C50C0 /* Resources */,
			);
			buildRules = (
			);
			dependencies = (
				067F05F91B105434009C50C0 /* PBXTargetDependency */,
			);
			name = memorizeBookTests;
			productName = wordTests;
			productReference = 067F05F71B105434009C50C0 /* memorizeBook.xctest */;
			productType = "com.apple.product-type.bundle.unit-test";
		};
/* End PBXNativeTarget section */

/* Begin PBXProject section */
		067F05D61B105434009C50C0 /* Project object */ = {
			isa = PBXProject;
			attributes = {
				LastUpgradeCheck = 0720;
				ORGANIZATIONNAME = "梶原大進";
				TargetAttributes = {
					067F05DD1B105434009C50C0 = {
						CreatedOnToolsVersion = 6.3.1;
						DevelopmentTeam = PT797F6X82;
						SystemCapabilities = {
							com.apple.GameCenter = {
								enabled = 0;
							};
						};
					};
					067F05F61B105434009C50C0 = {
						CreatedOnToolsVersion = 6.3.1;
						TestTargetID = 067F05DD1B105434009C50C0;
					};
				};
			};
			buildConfigurationList = 067F05D91B105434009C50C0 /* Build configuration list for PBXProject "memorizeBook" */;
			compatibilityVersion = "Xcode 6.3";
			developmentRegion = English;
			hasScannedForEncodings = 0;
			knownRegions = (
				en,
				Base,
			);
			mainGroup = 067F05D51B105434009C50C0;
			productRefGroup = 067F05DF1B105434009C50C0 /* Products */;
			projectDirPath = "";
			projectRoot = "";
			targets = (
				067F05DD1B105434009C50C0 /* memorizeBook */,
				067F05F61B105434009C50C0 /* memorizeBookTests */,
			);
		};
/* End PBXProject section */

/* Begin PBXResourcesBuildPhase section */
		067F05DC1B105434009C50C0 /* Resources */ = {
			isa = PBXResourcesBuildPhase;
			buildActionMask = 2147483647;
			files = (
				069A1BC91B8EEE7E000590A8 /* icon-60@2x.png in Resources */,
				06C5C48A1BA43AEE00921FD1 /* intro4.png in Resources */,
				06C5C4881BA43AEE00921FD1 /* intro2.png in Resources */,
				06D65D3A1C352FFF00806690 /* tng_logo2.png in Resources */,
				06D65D2F1C352A2E00806690 /* mplus-2p-light.ttf in Resources */,
				06C5C4891BA43AEE00921FD1 /* intro3.png in Resources */,
				06D65D331C352BBC00806690 /* button.png in Resources */,
				067F05ED1B105434009C50C0 /* Main.storyboard in Resources */,
				06D65D2E1C352A2E00806690 /* mplus-2p-black.ttf in Resources */,
				06290AB31B915A1F00AF6631 /* tng_paper.png in Resources */,
				0625897C1B9196BB009732B2 /* incorrect.mp3 in Resources */,
				067F05F21B105434009C50C0 /* LaunchScreen.xib in Resources */,
				0625897B1B9196BB009732B2 /* correct.mp3 in Resources */,
				069A1BC61B8EED35000590A8 /* icon-60@3x.png in Resources */,
				06054AF91B7B18D70040A611 /* tng_background.png in Resources */,
				06C5C48B1BA43AEE00921FD1 /* intro5.png in Resources */,
				06D65D3B1C352FFF00806690 /* tng_logo3.png in Resources */,
				06290ABF1B915F3800AF6631 /* pen.mp3 in Resources */,
				067F05EF1B105434009C50C0 /* Images.xcassets in Resources */,
				069A1BCC1B8EEFB4000590A8 /* LaunchScreen.png in Resources */,
				06D65D351C352C5F00806690 /* logo.png in Resources */,
				06CEFF5F1B230F98006590B4 /* paper.mp3 in Resources */,
				06C5C4871BA43AEE00921FD1 /* intro1.png in Resources */,
				06D65D391C352FFF00806690 /* tng_logo.png in Resources */,
				06D65D311C352A9900806690 /* mplus-2p-regular.ttf in Resources */,
			);
			runOnlyForDeploymentPostprocessing = 0;
		};
		067F05F51B105434009C50C0 /* Resources */ = {
			isa = PBXResourcesBuildPhase;
			buildActionMask = 2147483647;
			files = (
			);
			runOnlyForDeploymentPostprocessing = 0;
		};
/* End PBXResourcesBuildPhase section */

/* Begin PBXShellScriptBuildPhase section */
		0542CFB4E77EA648BF02008C /* Check Pods Manifest.lock */ = {
			isa = PBXShellScriptBuildPhase;
			buildActionMask = 2147483647;
			files = (
			);
			inputPaths = (
			);
			name = "Check Pods Manifest.lock";
			outputPaths = (
			);
			runOnlyForDeploymentPostprocessing = 0;
			shellPath = /bin/sh;
			shellScript = "diff \"${PODS_ROOT}/../Podfile.lock\" \"${PODS_ROOT}/Manifest.lock\" > /dev/null\nif [[ $? != 0 ]] ; then\n    cat << EOM\nerror: The sandbox is not in sync with the Podfile.lock. Run 'pod install' or update your CocoaPods installation.\nEOM\n    exit 1\nfi\n";
			showEnvVarsInLog = 0;
		};
		635EB1D56FFAF08676F8DFBB /* Copy Pods Resources */ = {
			isa = PBXShellScriptBuildPhase;
			buildActionMask = 2147483647;
			files = (
			);
			inputPaths = (
			);
			name = "Copy Pods Resources";
			outputPaths = (
			);
			runOnlyForDeploymentPostprocessing = 0;
			shellPath = /bin/sh;
			shellScript = "\"${SRCROOT}/Pods/Target Support Files/Pods-word/Pods-word-resources.sh\"\n";
			showEnvVarsInLog = 0;
		};
/* End PBXShellScriptBuildPhase section */

/* Begin PBXSourcesBuildPhase section */
		067F05DA1B105434009C50C0 /* Sources */ = {
			isa = PBXSourcesBuildPhase;
			buildActionMask = 2147483647;
			files = (
				06BD4DEA1B53BF88006BA0AC /* createViewController.m in Sources */,
				0642C7CF1B5B9947004E7D9A /* quizViewController.m in Sources */,
				062A944B1B85E3D2006EFD93 /* DictionaryViewController.m in Sources */,
				067F060C1B105760009C50C0 /* WritingViewController.m in Sources */,
				067F05EA1B105434009C50C0 /* ViewController.m in Sources */,
				067F05E71B105434009C50C0 /* AppDelegate.m in Sources */,
				066CADB21BC8FFF600CBB422 /* editViewController.m in Sources */,
				06041B9F1B85F49F00901BA1 /* contentViewController.m in Sources */,
				0632AB711B84BF4000F9A7C7 /* resultViewController.m in Sources */,
				0642C7CC1B5B990A004E7D9A /* memorizationViewController.m in Sources */,
				067F05E41B105434009C50C0 /* main.m in Sources */,
				06528F451B54D6C7005E8A26 /* settingCardViewController.m in Sources */,
				06BD4DE41B53BD64006BA0AC /* selectViewController.m in Sources */,
				067F06091B105729009C50C0 /* WatchingViewController.m in Sources */,
			);
			runOnlyForDeploymentPostprocessing = 0;
		};
		067F05F31B105434009C50C0 /* Sources */ = {
			isa = PBXSourcesBuildPhase;
			buildActionMask = 2147483647;
			files = (
				067F05FE1B105434009C50C0 /* wordTests.m in Sources */,
			);
			runOnlyForDeploymentPostprocessing = 0;
		};
/* End PBXSourcesBuildPhase section */

/* Begin PBXTargetDependency section */
		067F05F91B105434009C50C0 /* PBXTargetDependency */ = {
			isa = PBXTargetDependency;
			target = 067F05DD1B105434009C50C0 /* memorizeBook */;
			targetProxy = 067F05F81B105434009C50C0 /* PBXContainerItemProxy */;
		};
/* End PBXTargetDependency section */

/* Begin PBXVariantGroup section */
		067F05EB1B105434009C50C0 /* Main.storyboard */ = {
			isa = PBXVariantGroup;
			children = (
				067F05EC1B105434009C50C0 /* Base */,
			);
			name = Main.storyboard;
			sourceTree = "<group>";
		};
		067F05F01B105434009C50C0 /* LaunchScreen.xib */ = {
			isa = PBXVariantGroup;
			children = (
				067F05F11B105434009C50C0 /* Base */,
			);
			name = LaunchScreen.xib;
			sourceTree = "<group>";
		};
/* End PBXVariantGroup section */

/* Begin XCBuildConfiguration section */
		067F05FF1B105434009C50C0 /* Debug */ = {
			isa = XCBuildConfiguration;
			buildSettings = {
				ALWAYS_SEARCH_USER_PATHS = NO;
				CLANG_CXX_LANGUAGE_STANDARD = "gnu++0x";
				CLANG_CXX_LIBRARY = "libc++";
				CLANG_ENABLE_MODULES = YES;
				CLANG_ENABLE_OBJC_ARC = YES;
				CLANG_WARN_BOOL_CONVERSION = YES;
				CLANG_WARN_CONSTANT_CONVERSION = YES;
				CLANG_WARN_DIRECT_OBJC_ISA_USAGE = YES_ERROR;
				CLANG_WARN_EMPTY_BODY = YES;
				CLANG_WARN_ENUM_CONVERSION = YES;
				CLANG_WARN_INT_CONVERSION = YES;
				CLANG_WARN_OBJC_ROOT_CLASS = YES_ERROR;
				CLANG_WARN_UNREACHABLE_CODE = YES;
				CLANG_WARN__DUPLICATE_METHOD_MATCH = YES;
				"CODE_SIGN_IDENTITY[sdk=iphoneos*]" = "iPhone Developer";
				COPY_PHASE_STRIP = NO;
				DEBUG_INFORMATION_FORMAT = "dwarf-with-dsym";
				ENABLE_STRICT_OBJC_MSGSEND = YES;
				ENABLE_TESTABILITY = YES;
				GCC_C_LANGUAGE_STANDARD = gnu99;
				GCC_DYNAMIC_NO_PIC = NO;
				GCC_NO_COMMON_BLOCKS = YES;
				GCC_OPTIMIZATION_LEVEL = 0;
				GCC_PREPROCESSOR_DEFINITIONS = (
					"DEBUG=1",
					"$(inherited)",
				);
				GCC_SYMBOLS_PRIVATE_EXTERN = NO;
				GCC_WARN_64_TO_32_BIT_CONVERSION = YES;
				GCC_WARN_ABOUT_RETURN_TYPE = YES_ERROR;
				GCC_WARN_UNDECLARED_SELECTOR = YES;
				GCC_WARN_UNINITIALIZED_AUTOS = YES_AGGRESSIVE;
				GCC_WARN_UNUSED_FUNCTION = YES;
				GCC_WARN_UNUSED_VARIABLE = YES;
				IPHONEOS_DEPLOYMENT_TARGET = 8.3;
				MTL_ENABLE_DEBUG_INFO = YES;
				ONLY_ACTIVE_ARCH = YES;
				SDKROOT = iphoneos;
				TARGETED_DEVICE_FAMILY = "1,2";
			};
			name = Debug;
		};
		067F06001B105434009C50C0 /* Release */ = {
			isa = XCBuildConfiguration;
			buildSettings = {
				ALWAYS_SEARCH_USER_PATHS = NO;
				CLANG_CXX_LANGUAGE_STANDARD = "gnu++0x";
				CLANG_CXX_LIBRARY = "libc++";
				CLANG_ENABLE_MODULES = YES;
				CLANG_ENABLE_OBJC_ARC = YES;
				CLANG_WARN_BOOL_CONVERSION = YES;
				CLANG_WARN_CONSTANT_CONVERSION = YES;
				CLANG_WARN_DIRECT_OBJC_ISA_USAGE = YES_ERROR;
				CLANG_WARN_EMPTY_BODY = YES;
				CLANG_WARN_ENUM_CONVERSION = YES;
				CLANG_WARN_INT_CONVERSION = YES;
				CLANG_WARN_OBJC_ROOT_CLASS = YES_ERROR;
				CLANG_WARN_UNREACHABLE_CODE = YES;
				CLANG_WARN__DUPLICATE_METHOD_MATCH = YES;
				"CODE_SIGN_IDENTITY[sdk=iphoneos*]" = "iPhone Developer";
				COPY_PHASE_STRIP = NO;
				DEBUG_INFORMATION_FORMAT = "dwarf-with-dsym";
				ENABLE_NS_ASSERTIONS = NO;
				ENABLE_STRICT_OBJC_MSGSEND = YES;
				GCC_C_LANGUAGE_STANDARD = gnu99;
				GCC_NO_COMMON_BLOCKS = YES;
				GCC_WARN_64_TO_32_BIT_CONVERSION = YES;
				GCC_WARN_ABOUT_RETURN_TYPE = YES_ERROR;
				GCC_WARN_UNDECLARED_SELECTOR = YES;
				GCC_WARN_UNINITIALIZED_AUTOS = YES_AGGRESSIVE;
				GCC_WARN_UNUSED_FUNCTION = YES;
				GCC_WARN_UNUSED_VARIABLE = YES;
				IPHONEOS_DEPLOYMENT_TARGET = 8.3;
				MTL_ENABLE_DEBUG_INFO = NO;
				SDKROOT = iphoneos;
				TARGETED_DEVICE_FAMILY = "1,2";
				VALIDATE_PRODUCT = YES;
			};
			name = Release;
		};
		067F06021B105434009C50C0 /* Debug */ = {
			isa = XCBuildConfiguration;
			baseConfigurationReference = 7F8F66F1E80A3F81EC368864 /* Pods-word.debug.xcconfig */;
			buildSettings = {
				ASSETCATALOG_COMPILER_APPICON_NAME = AppIcon;
				CODE_SIGN_IDENTITY = "iPhone Developer";
				"CODE_SIGN_IDENTITY[sdk=iphoneos*]" = "iPhone Developer";
				GCC_PREFIX_HEADER = "";
				INFOPLIST_FILE = word/Info.plist;
				LD_RUNPATH_SEARCH_PATHS = "$(inherited) @executable_path/Frameworks";
				PRODUCT_BUNDLE_IDENTIFIER = shisaku.word;
				PRODUCT_NAME = memorizeBook;
				PROVISIONING_PROFILE = "";
			};
			name = Debug;
		};
		067F06031B105434009C50C0 /* Release */ = {
			isa = XCBuildConfiguration;
			baseConfigurationReference = DDEB3D65EF2D4FED48D4C946 /* Pods-word.release.xcconfig */;
			buildSettings = {
				ASSETCATALOG_COMPILER_APPICON_NAME = AppIcon;
				CODE_SIGN_IDENTITY = "iPhone Developer";
				"CODE_SIGN_IDENTITY[sdk=iphoneos*]" = "iPhone Developer";
				GCC_PREFIX_HEADER = "";
				INFOPLIST_FILE = word/Info.plist;
				LD_RUNPATH_SEARCH_PATHS = "$(inherited) @executable_path/Frameworks";
				PRODUCT_BUNDLE_IDENTIFIER = shisaku.word;
				PRODUCT_NAME = memorizeBook;
				PROVISIONING_PROFILE = "";
			};
			name = Release;
		};
		067F06051B105434009C50C0 /* Debug */ = {
			isa = XCBuildConfiguration;
			buildSettings = {
				BUNDLE_LOADER = "$(TEST_HOST)";
				FRAMEWORK_SEARCH_PATHS = (
					"$(SDKROOT)/Developer/Library/Frameworks",
					"$(inherited)",
				);
				GCC_PREPROCESSOR_DEFINITIONS = (
					"DEBUG=1",
					"$(inherited)",
				);
				INFOPLIST_FILE = wordTests/Info.plist;
				LD_RUNPATH_SEARCH_PATHS = "$(inherited) @executable_path/Frameworks @loader_path/Frameworks";
				PRODUCT_BUNDLE_IDENTIFIER = "shisaku.$(PRODUCT_NAME:rfc1034identifier)";
				PRODUCT_NAME = memorizeBook;
				TEST_HOST = "$(BUILT_PRODUCTS_DIR)/memorizeBook.app/memorizeBook";
			};
			name = Debug;
		};
		067F06061B105434009C50C0 /* Release */ = {
			isa = XCBuildConfiguration;
			buildSettings = {
				BUNDLE_LOADER = "$(TEST_HOST)";
				FRAMEWORK_SEARCH_PATHS = (
					"$(SDKROOT)/Developer/Library/Frameworks",
					"$(inherited)",
				);
				INFOPLIST_FILE = wordTests/Info.plist;
				LD_RUNPATH_SEARCH_PATHS = "$(inherited) @executable_path/Frameworks @loader_path/Frameworks";
				PRODUCT_BUNDLE_IDENTIFIER = "shisaku.$(PRODUCT_NAME:rfc1034identifier)";
				PRODUCT_NAME = memorizeBook;
				TEST_HOST = "$(BUILT_PRODUCTS_DIR)/memorizeBook.app/memorizeBook";
			};
			name = Release;
		};
/* End XCBuildConfiguration section */

/* Begin XCConfigurationList section */
		067F05D91B105434009C50C0 /* Build configuration list for PBXProject "memorizeBook" */ = {
			isa = XCConfigurationList;
			buildConfigurations = (
				067F05FF1B105434009C50C0 /* Debug */,
				067F06001B105434009C50C0 /* Release */,
			);
			defaultConfigurationIsVisible = 0;
			defaultConfigurationName = Release;
		};
		067F06011B105434009C50C0 /* Build configuration list for PBXNativeTarget "memorizeBook" */ = {
			isa = XCConfigurationList;
			buildConfigurations = (
				067F06021B105434009C50C0 /* Debug */,
				067F06031B105434009C50C0 /* Release */,
			);
			defaultConfigurationIsVisible = 0;
			defaultConfigurationName = Release;
		};
		067F06041B105434009C50C0 /* Build configuration list for PBXNativeTarget "memorizeBookTests" */ = {
			isa = XCConfigurationList;
			buildConfigurations = (
				067F06051B105434009C50C0 /* Debug */,
				067F06061B105434009C50C0 /* Release */,
			);
			defaultConfigurationIsVisible = 0;
			defaultConfigurationName = Release;
		};
/* End XCConfigurationList section */
	};
	rootObject = 067F05D61B105434009C50C0 /* Project object */;
}
